
Microsoft Visual Studio Solution File, Format Version 12.00
# Visual Studio 15
VisualStudioVersion = 15.0.26403.0
MinimumVisualStudioVersion = 10.0.40219.1
Project("{8BC9CEB8-8B4A-11D0-8D11-00A0C91BC942}") = "Net_TermProject_Server", "Net_TermProject_Server.vcxproj", "{098A6498-A196-4117-B3D6-66A39548FA20}"
EndProject
Project("{8BC9CEB8-8B4A-11D0-8D11-00A0C91BC942}") = "testClient", "..\testClient\testClient.vcxproj", "{3A9CD1BD-BE86-45A9-954E-8C44489FFBFE}"
EndProject
Global
	GlobalSection(SolutionConfigurationPlatforms) = preSolution
		Debug|x64 = Debug|x64
		Debug|x86 = Debug|x86
		Release|x64 = Release|x64
		Release|x86 = Release|x86
	EndGlobalSection
	GlobalSection(ProjectConfigurationPlatforms) = postSolution
		{098A6498-A196-4117-B3D6-66A39548FA20}.Debug|x64.ActiveCfg = Debug|x64
		{098A6498-A196-4117-B3D6-66A39548FA20}.Debug|x64.Build.0 = Debug|x64
		{098A6498-A196-4117-B3D6-66A39548FA20}.Debug|x86.ActiveCfg = Debug|Win32
		{098A6498-A196-4117-B3D6-66A39548FA20}.Debug|x86.Build.0 = Debug|Win32
		{098A6498-A196-4117-B3D6-66A39548FA20}.Release|x64.ActiveCfg = Release|x64
		{098A6498-A196-4117-B3D6-66A39548FA20}.Release|x64.Build.0 = Release|x64
		{098A6498-A196-4117-B3D6-66A39548FA20}.Release|x86.ActiveCfg = Release|Win32
		{098A6498-A196-4117-B3D6-66A39548FA20}.Release|x86.Build.0 = Release|Win32
		{3A9CD1BD-BE86-45A9-954E-8C44489FFBFE}.Debug|x64.ActiveCfg = Debug|x64
		{3A9CD1BD-BE86-45A9-954E-8C44489FFBFE}.Debug|x64.Build.0 = Debug|x64
		{3A9CD1BD-BE86-45A9-954E-8C44489FFBFE}.Debug|x86.ActiveCfg = Debug|Win32
		{3A9CD1BD-BE86-45A9-954E-8C44489FFBFE}.Debug|x86.Build.0 = Debug|Win32
		{3A9CD1BD-BE86-45A9-954E-8C44489FFBFE}.Release|x64.ActiveCfg = Release|x64
		{3A9CD1BD-BE86-45A9-954E-8C44489FFBFE}.Release|x64.Build.0 = Release|x64
		{3A9CD1BD-BE86-45A9-954E-8C44489FFBFE}.Release|x86.ActiveCfg = Release|Win32
		{3A9CD1BD-BE86-45A9-954E-8C44489FFBFE}.Release|x86.Build.0 = Release|Win32
	EndGlobalSection
	GlobalSection(SolutionProperties) = preSolution
		HideSolutionNode = FALSE
	EndGlobalSection
EndGlobal
